// !$*UTF8*$!
{
	archiveVersion = 1;
	classes = {
	};
	objectVersion = 50;
	objects = {

/* Begin PBXBuildFile section */
		5BBFA02426F29AB700B5B890 /* Learning_GitHubApp.swift in Sources */ = {isa = PBXBuildFile; fileRef = 5BBFA02326F29AB700B5B890 /* Learning_GitHubApp.swift */; };
		5BBFA02626F29AB700B5B890 /* ContentView.swift in Sources */ = {isa = PBXBuildFile; fileRef = 5BBFA02526F29AB700B5B890 /* ContentView.swift */; };
		5BBFA02826F29AB900B5B890 /* Assets.xcassets in Resources */ = {isa = PBXBuildFile; fileRef = 5BBFA02726F29AB900B5B890 /* Assets.xcassets */; };
		5BBFA02B26F29AB900B5B890 /* Preview Assets.xcassets in Resources */ = {isa = PBXBuildFile; fileRef = 5BBFA02A26F29AB900B5B890 /* Preview Assets.xcassets */; };
		5BBFA03326FA72E500B5B890 /* MyModel.swift in Sources */ = {isa = PBXBuildFile; fileRef = 5BBFA03226FA72E500B5B890 /* MyModel.swift */; };
/* End PBXBuildFile section */

/* Begin PBXFileReference section */
		5BBFA02026F29AB700B5B890 /* Learning_GitHub.app */ = {isa = PBXFileReference; explicitFileType = wrapper.application; includeInIndex = 0; path = Learning_GitHub.app; sourceTree = BUILT_PRODUCTS_DIR; };
		5BBFA02326F29AB700B5B890 /* Learning_GitHubApp.swift */ = {isa = PBXFileReference; lastKnownFileType = sourcecode.swift; path = Learning_GitHubApp.swift; sourceTree = "<group>"; };
		5BBFA02526F29AB700B5B890 /* ContentView.swift */ = {isa = PBXFileReference; lastKnownFileType = sourcecode.swift; path = ContentView.swift; sourceTree = "<group>"; };
		5BBFA02726F29AB900B5B890 /* Assets.xcassets */ = {isa = PBXFileReference; lastKnownFileType = folder.assetcatalog; path = Assets.xcassets; sourceTree = "<group>"; };
		5BBFA02A26F29AB900B5B890 /* Preview Assets.xcassets */ = {isa = PBXFileReference; lastKnownFileType = folder.assetcatalog; path = "Preview Assets.xcassets"; sourceTree = "<group>"; };
		5BBFA02C26F29AB900B5B890 /* Info.plist */ = {isa = PBXFileReference; lastKnownFileType = text.plist.xml; path = Info.plist; sourceTree = "<group>"; };
		5BBFA03226FA72E500B5B890 /* MyModel.swift */ = {isa = PBXFileReference; lastKnownFileType = sourcecode.swift; path = MyModel.swift; sourceTree = "<group>"; };
/* End PBXFileReference section */

/* Begin PBXFrameworksBuildPhase section */
		5BBFA01D26F29AB700B5B890 /* Frameworks */ = {
			isa = PBXFrameworksBuildPhase;
			buildActionMask = 2147483647;
			files = (
			);
			runOnlyForDeploymentPostprocessing = 0;
		};
/* End PBXFrameworksBuildPhase section */

/* Begin PBXGroup section */
		5BBFA01726F29AB700B5B890 = {
			isa = PBXGroup;
			children = (
				5BBFA02226F29AB700B5B890 /* Learning_GitHub */,
				5BBFA02126F29AB700B5B890 /* Products */,
			);
			sourceTree = "<group>";
		};
		5BBFA02126F29AB700B5B890 /* Products */ = {
			isa = PBXGroup;
			children = (
				5BBFA02026F29AB700B5B890 /* Learning_GitHub.app */,
			);
			name = Products;
			sourceTree = "<group>";
		};
		5BBFA02226F29AB700B5B890 /* Learning_GitHub */ = {
			isa = PBXGroup;
			children = (
				5BBFA02326F29AB700B5B890 /* Learning_GitHubApp.swift */,
				5BBFA02526F29AB700B5B890 /* ContentView.swift */,
				5BBFA02726F29AB900B5B890 /* Assets.xcassets */,
				5BBFA02C26F29AB900B5B890 /* Info.plist */,
				5BBFA02926F29AB900B5B890 /* Preview Content */,
				5BBFA03226FA72E500B5B890 /* MyModel.swift */,
			);
			path = Learning_GitHub;
			sourceTree = "<group>";
		};
		5BBFA02926F29AB900B5B890 /* Preview Content */ = {
			isa = PBXGroup;
			children = (
				5BBFA02A26F29AB900B5B890 /* Preview Assets.xcassets */,
			);
			path = "Preview Content";
			sourceTree = "<group>";
		};
/* End PBXGroup section */

/* Begin PBXNativeTarget section */
		5BBFA01F26F29AB700B5B890 /* Learning_GitHub */ = {
			isa = PBXNativeTarget;
			buildConfigurationList = 5BBFA02F26F29AB900B5B890 /* Build configuration list for PBXNativeTarget "Learning_GitHub" */;
			buildPhases = (
				5BBFA01C26F29AB700B5B890 /* Sources */,
				5BBFA01D26F29AB700B5B890 /* Frameworks */,
				5BBFA01E26F29AB700B5B890 /* Resources */,
			);
			buildRules = (
			);
			dependencies = (
			);
			name = Learning_GitHub;
			productName = Learning_GitHub;
			productReference = 5BBFA02026F29AB700B5B890 /* Learning_GitHub.app */;
			productType = "com.apple.product-type.application";
		};
/* End PBXNativeTarget section */

/* Begin PBXProject section */
		5BBFA01826F29AB700B5B890 /* Project object */ = {
			isa = PBXProject;
			attributes = {
				LastSwiftUpdateCheck = 1250;
				LastUpgradeCheck = 1250;
				TargetAttributes = {
					5BBFA01F26F29AB700B5B890 = {
						CreatedOnToolsVersion = 12.5.1;
					};
				};
			};
			buildConfigurationList = 5BBFA01B26F29AB700B5B890 /* Build configuration list for PBXProject "Learning_GitHub" */;
			compatibilityVersion = "Xcode 9.3";
			developmentRegion = en;
			hasScannedForEncodings = 0;
			knownRegions = (
				en,
				Base,
			);
			mainGroup = 5BBFA01726F29AB700B5B890;
			productRefGroup = 5BBFA02126F29AB700B5B890 /* Products */;
			projectDirPath = "";
			projectRoot = "";
			targets = (
				5BBFA01F26F29AB700B5B890 /* Learning_GitHub */,
			);
		};
/* End PBXProject section */

/* Begin PBXResourcesBuildPhase section */
		5BBFA01E26F29AB700B5B890 /* Resources */ = {
			isa = PBXResourcesBuildPhase;
			buildActionMask = 2147483647;
			files = (
				5BBFA02B26F29AB900B5B890 /* Preview Assets.xcassets in Resources */,
				5BBFA02826F29AB900B5B890 /* Assets.xcassets in Resources */,
			);
			runOnlyForDeploymentPostprocessing = 0;
		};
/* End PBXResourcesBuildPhase section */

/* Begin PBXSourcesBuildPhase section */
		5BBFA01C26F29AB700B5B890 /* Sources */ = {
			isa = PBXSourcesBuildPhase;
			buildActionMask = 2147483647;
			files = (
				5BBFA02626F29AB700B5B890 /* ContentView.swift in Sources */,
				5BBFA03326FA72E500B5B890 /* MyModel.swift in Sources */,
				5BBFA02426F29AB700B5B890 /* Learning_GitHubApp.swift in Sources */,
			);
			runOnlyForDeploymentPostprocessing = 0;
		};
/* End PBXSourcesBuildPhase section */

/* Begin XCBuildConfiguration section */
		5BBFA02D26F29AB900B5B890 /* Debug */ = {
			isa = XCBuildConfiguration;
			buildSettings = {
				ALWAYS_SEARCH_USER_PATHS = NO;
				CLANG_ANALYZER_NONNULL = YES;
				CLANG_ANALYZER_NUMBER_OBJECT_CONVERSION = YES_AGGRESSIVE;
				CLANG_CXX_LANGUAGE_STANDARD = "gnu++14";
				CLANG_CXX_LIBRARY = "libc++";
				CLANG_ENABLE_MODULES = YES;
				CLANG_ENABLE_OBJC_ARC = YES;
				CLANG_ENABLE_OBJC_WEAK = YES;
				CLANG_WARN_BLOCK_CAPTURE_AUTORELEASING = YES;
				CLANG_WARN_BOOL_CONVERSION = YES;
				CLANG_WARN_COMMA = YES;
				CLANG_WARN_CONSTANT_CONVERSION = YES;
				CLANG_WARN_DEPRECATED_OBJC_IMPLEMENTATIONS = YES;
				CLANG_WARN_DIRECT_OBJC_ISA_USAGE = YES_ERROR;
				CLANG_WARN_DOCUMENTATION_COMMENTS = YES;
				CLANG_WARN_EMPTY_BODY = YES;
				CLANG_WARN_ENUM_CONVERSION = YES;
				CLANG_WARN_INFINITE_RECURSION = YES;
				CLANG_WARN_INT_CONVERSION = YES;
				CLANG_WARN_NON_LITERAL_NULL_CONVERSION = YES;
				CLANG_WARN_OBJC_IMPLICIT_RETAIN_SELF = YES;
				CLANG_WARN_OBJC_LITERAL_CONVERSION = YES;
				CLANG_WARN_OBJC_ROOT_CLASS = YES_ERROR;
				CLANG_WARN_QUOTED_INCLUDE_IN_FRAMEWORK_HEADER = YES;
				CLANG_WARN_RANGE_LOOP_ANALYSIS = YES;
				CLANG_WARN_STRICT_PROTOTYPES = YES;
				CLANG_WARN_SUSPICIOUS_MOVE = YES;
				CLANG_WARN_UNGUARDED_AVAILABILITY = YES_AGGRESSIVE;
				CLANG_WARN_UNREACHABLE_CODE = YES;
				CLANG_WARN__DUPLICATE_METHOD_MATCH = YES;
				COPY_PHASE_STRIP = NO;
				DEBUG_INFORMATION_FORMAT = dwarf;
				ENABLE_STRICT_OBJC_MSGSEND = YES;
				ENABLE_TESTABILITY = YES;
				GCC_C_LANGUAGE_STANDARD = gnu11;
				GCC_DYNAMIC_NO_PIC = NO;
				GCC_NO_COMMON_BLOCKS = YES;
				GCC_OPTIMIZATION_LEVEL = 0;
				GCC_PREPROCESSOR_DEFINITIONS = (
					"DEBUG=1",
					"$(inherited)",
				);
				GCC_WARN_64_TO_32_BIT_CONVERSION = YES;
				GCC_WARN_ABOUT_RETURN_TYPE = YES_ERROR;
				GCC_WARN_UNDECLARED_SELECTOR = YES;
				GCC_WARN_UNINITIALIZED_AUTOS = YES_AGGRESSIVE;
				GCC_WARN_UNUSED_FUNCTION = YES;
				GCC_WARN_UNUSED_VARIABLE = YES;
				IPHONEOS_DEPLOYMENT_TARGET = 14.5;
				MTL_ENABLE_DEBUG_INFO = INCLUDE_SOURCE;
				MTL_FAST_MATH = YES;
				ONLY_ACTIVE_ARCH = YES;
				SDKROOT = iphoneos;
				SWIFT_ACTIVE_COMPILATION_CONDITIONS = DEBUG;
				SWIFT_OPTIMIZATION_LEVEL = "-Onone";
			};
			name = Debug;
		};
		5BBFA02E26F29AB900B5B890 /* Release */ = {
			isa = XCBuildConfiguration;
			buildSettings = {
				ALWAYS_SEARCH_USER_PATHS = NO;
				CLANG_ANALYZER_NONNULL = YES;
				CLANG_ANALYZER_NUMBER_OBJECT_CONVERSION = YES_AGGRESSIVE;
				CLANG_CXX_LANGUAGE_STANDARD = "gnu++14";
				CLANG_CXX_LIBRARY = "libc++";
				CLANG_ENABLE_MODULES = YES;
				CLANG_ENABLE_OBJC_ARC = YES;
				CLANG_ENABLE_OBJC_WEAK = YES;
				CLANG_WARN_BLOCK_CAPTURE_AUTORELEASING = YES;
				CLANG_WARN_BOOL_CONVERSION = YES;
				CLANG_WARN_COMMA = YES;
				CLANG_WARN_CONSTANT_CONVERSION = YES;
				CLANG_WARN_DEPRECATED_OBJC_IMPLEMENTATIONS = YES;
				CLANG_WARN_DIRECT_OBJC_ISA_USAGE = YES_ERROR;
				CLANG_WARN_DOCUMENTATION_COMMENTS = YES;
				CLANG_WARN_EMPTY_BODY = YES;
				CLANG_WARN_ENUM_CONVERSION = YES;
				CLANG_WARN_INFINITE_RECURSION = YES;
				CLANG_WARN_INT_CONVERSION = YES;
				CLANG_WARN_NON_LITERAL_NULL_CONVERSION = YES;
				CLANG_WARN_OBJC_IMPLICIT_RETAIN_SELF = YES;
				CLANG_WARN_OBJC_LITERAL_CONVERSION = YES;
				CLANG_WARN_OBJC_ROOT_CLASS = YES_ERROR;
				CLANG_WARN_QUOTED_INCLUDE_IN_FRAMEWORK_HEADER = YES;
				CLANG_WARN_RANGE_LOOP_ANALYSIS = YES;
				CLANG_WARN_STRICT_PROTOTYPES = YES;
				CLANG_WARN_SUSPICIOUS_MOVE = YES;
				CLANG_WARN_UNGUARDED_AVAILABILITY = YES_AGGRESSIVE;
				CLANG_WARN_UNREACHABLE_CODE = YES;
				CLANG_WARN__DUPLICATE_METHOD_MATCH = YES;
				COPY_PHASE_STRIP = NO;
				DEBUG_INFORMATION_FORMAT = "dwarf-with-dsym";
				ENABLE_NS_ASSERTIONS = NO;
				ENABLE_STRICT_OBJC_MSGSEND = YES;
				GCC_C_LANGUAGE_STANDARD = gnu11;
				GCC_NO_COMMON_BLOCKS = YES;
				GCC_WARN_64_TO_32_BIT_CONVERSION = YES;
				GCC_WARN_ABOUT_RETURN_TYPE = YES_ERROR;
				GCC_WARN_UNDECLARED_SELECTOR = YES;
				GCC_WARN_UNINITIALIZED_AUTOS = YES_AGGRESSIVE;
				GCC_WARN_UNUSED_FUNCTION = YES;
				GCC_WARN_UNUSED_VARIABLE = YES;
				IPHONEOS_DEPLOYMENT_TARGET = 14.5;
				MTL_ENABLE_DEBUG_INFO = NO;
				MTL_FAST_MATH = YES;
				SDKROOT = iphoneos;
				SWIFT_COMPILATION_MODE = wholemodule;
				SWIFT_OPTIMIZATION_LEVEL = "-O";
				VALIDATE_PRODUCT = YES;
			};
			name = Release;
		};
		5BBFA03026F29AB900B5B890 /* Debug */ = {
			isa = XCBuildConfiguration;
			buildSettings = {
				ASSETCATALOG_COMPILER_APPICON_NAME = AppIcon;
				ASSETCATALOG_COMPILER_GLOBAL_ACCENT_COLOR_NAME = AccentColor;
				CODE_SIGN_STYLE = Automatic;
				DEVELOPMENT_ASSET_PATHS = "\"Learning_GitHub/Preview Content\"";
				ENABLE_PREVIEWS = YES;
				INFOPLIST_FILE = Learning_GitHub/Info.plist;
				IPHONEOS_DEPLOYMENT_TARGET = 14.0;
				LD_RUNPATH_SEARCH_PATHS = (
					"$(inherited)",
					"@executable_path/Frameworks",
				);
				PRODUCT_BUNDLE_IDENTIFIER = "martin-matzer.Learning-GitHub";
				PRODUCT_NAME = "$(TARGET_NAME)";
				SWIFT_VERSION = 5.0;
				TARGETED_DEVICE_FAMILY = "1,2";
			};
			name = Debug;
		};
		5BBFA03126F29AB900B5B890 /* Release */ = {
			isa = XCBuildConfiguration;
			buildSettings = {
				ASSETCATALOG_COMPILER_APPICON_NAME = AppIcon;
				ASSETCATALOG_COMPILER_GLOBAL_ACCENT_COLOR_NAME = AccentColor;
				CODE_SIGN_STYLE = Automatic;
				DEVELOPMENT_ASSET_PATHS = "\"Learning_GitHub/Preview Content\"";
				ENABLE_PREVIEWS = YES;
				INFOPLIST_FILE = Learning_GitHub/Info.plist;
				IPHONEOS_DEPLOYMENT_TARGET = 14.0;
				LD_RUNPATH_SEARCH_PATHS = (
					"$(inherited)",
					"@executable_path/Frameworks",
				);
				PRODUCT_BUNDLE_IDENTIFIER = "martin-matzer.Learning-GitHub";
				PRODUCT_NAME = "$(TARGET_NAME)";
				SWIFT_VERSION = 5.0;
				TARGETED_DEVICE_FAMILY = "1,2";
			};
			name = Release;
		};
/* End XCBuildConfiguration section */

/* Begin XCConfigurationList section */
		5BBFA01B26F29AB700B5B890 /* Build configuration list for PBXProject "Learning_GitHub" */ = {
			isa = XCConfigurationList;
			buildConfigurations = (
				5BBFA02D26F29AB900B5B890 /* Debug */,
				5BBFA02E26F29AB900B5B890 /* Release */,
			);
			defaultConfigurationIsVisible = 0;
			defaultConfigurationName = Release;
		};
		5BBFA02F26F29AB900B5B890 /* Build configuration list for PBXNativeTarget "Learning_GitHub" */ = {
			isa = XCConfigurationList;
			buildConfigurations = (
				5BBFA03026F29AB900B5B890 /* Debug */,
				5BBFA03126F29AB900B5B890 /* Release */,
			);
			defaultConfigurationIsVisible = 0;
			defaultConfigurationName = Release;
		};
/* End XCConfigurationList section */
	};
	rootObject = 5BBFA01826F29AB700B5B890 /* Project object */;
}
